
Microsoft Visual Studio Solution File, Format Version 12.00
# Visual Studio Version 17
VisualStudioVersion = 17.10.35013.160
MinimumVisualStudioVersion = 10.0.40219.1
Project("{FAE04EC0-301F-11D3-BF4B-00C04F79EFBC}") = "Esercizio1", "Esercizio1\Esercizio1.csproj", "{A48AD1FF-A8C2-4C8F-8F50-D0BD7542A482}"
EndProject
Global
	GlobalSection(SolutionConfigurationPlatforms) = preSolution
		Debug|Any CPU = Debug|Any CPU
		Release|Any CPU = Release|Any CPU
	EndGlobalSection
	GlobalSection(ProjectConfigurationPlatforms) = postSolution
		{A48AD1FF-A8C2-4C8F-8F50-D0BD7542A482}.Debug|Any CPU.ActiveCfg = Debug|Any CPU
		{A48AD1FF-A8C2-4C8F-8F50-D0BD7542A482}.Debug|Any CPU.Build.0 = Debug|Any CPU
		{A48AD1FF-A8C2-4C8F-8F50-D0BD7542A482}.Release|Any CPU.ActiveCfg = Release|Any CPU
		{A48AD1FF-A8C2-4C8F-8F50-D0BD7542A482}.Release|Any CPU.Build.0 = Release|Any CPU
	EndGlobalSection
	GlobalSection(SolutionProperties) = preSolution
		HideSolutionNode = FALSE
	EndGlobalSection
	GlobalSection(ExtensibilityGlobals) = postSolution
		SolutionGuid = {81FE0600-1FE8-46E4-B270-9CC65E1A9292}
	EndGlobalSection
EndGlobal
